
Microsoft Visual Studio Solution File, Format Version 12.00
# Visual Studio Version 17
VisualStudioVersion = 17.8.34601.278
MinimumVisualStudioVersion = 10.0.40219.1
Project("{FAE04EC0-301F-11D3-BF4B-00C04F79EFBC}") = "Identity.API", "Identity.API\Identity.API.csproj", "{3EE7CF7A-3743-4A97-91CA-FAE1B188B1C7}"
EndProject
Project("{FAE04EC0-301F-11D3-BF4B-00C04F79EFBC}") = "Identity.Domain", "Identity.Domain\Identity.Domain.csproj", "{03CA1235-E326-4902-92D3-7BFD8AE6BBFC}"
EndProject
Project("{FAE04EC0-301F-11D3-BF4B-00C04F79EFBC}") = "Identity.Application", "Identity.Application\Identity.Application.csproj", "{B4F6B11F-9B5E-42C9-9FCD-2991FC73FD26}"
EndProject
Project("{FAE04EC0-301F-11D3-BF4B-00C04F79EFBC}") = "Identity.Infrastructure", "Identity.Infrastructure\Identity.Infrastructure.csproj", "{77B6245D-CC27-4CD4-AEA2-2F8A37E201D1}"
EndProject
Global
	GlobalSection(SolutionConfigurationPlatforms) = preSolution
		Debug|Any CPU = Debug|Any CPU
		Release|Any CPU = Release|Any CPU
	EndGlobalSection
	GlobalSection(ProjectConfigurationPlatforms) = postSolution
		{3EE7CF7A-3743-4A97-91CA-FAE1B188B1C7}.Debug|Any CPU.ActiveCfg = Debug|Any CPU
		{3EE7CF7A-3743-4A97-91CA-FAE1B188B1C7}.Debug|Any CPU.Build.0 = Debug|Any CPU
		{3EE7CF7A-3743-4A97-91CA-FAE1B188B1C7}.Release|Any CPU.ActiveCfg = Release|Any CPU
		{3EE7CF7A-3743-4A97-91CA-FAE1B188B1C7}.Release|Any CPU.Build.0 = Release|Any CPU
		{03CA1235-E326-4902-92D3-7BFD8AE6BBFC}.Debug|Any CPU.ActiveCfg = Debug|Any CPU
		{03CA1235-E326-4902-92D3-7BFD8AE6BBFC}.Debug|Any CPU.Build.0 = Debug|Any CPU
		{03CA1235-E326-4902-92D3-7BFD8AE6BBFC}.Release|Any CPU.ActiveCfg = Release|Any CPU
		{03CA1235-E326-4902-92D3-7BFD8AE6BBFC}.Release|Any CPU.Build.0 = Release|Any CPU
		{B4F6B11F-9B5E-42C9-9FCD-2991FC73FD26}.Debug|Any CPU.ActiveCfg = Debug|Any CPU
		{B4F6B11F-9B5E-42C9-9FCD-2991FC73FD26}.Debug|Any CPU.Build.0 = Debug|Any CPU
		{B4F6B11F-9B5E-42C9-9FCD-2991FC73FD26}.Release|Any CPU.ActiveCfg = Release|Any CPU
		{B4F6B11F-9B5E-42C9-9FCD-2991FC73FD26}.Release|Any CPU.Build.0 = Release|Any CPU
		{77B6245D-CC27-4CD4-AEA2-2F8A37E201D1}.Debug|Any CPU.ActiveCfg = Debug|Any CPU
		{77B6245D-CC27-4CD4-AEA2-2F8A37E201D1}.Debug|Any CPU.Build.0 = Debug|Any CPU
		{77B6245D-CC27-4CD4-AEA2-2F8A37E201D1}.Release|Any CPU.ActiveCfg = Release|Any CPU
		{77B6245D-CC27-4CD4-AEA2-2F8A37E201D1}.Release|Any CPU.Build.0 = Release|Any CPU
	EndGlobalSection
	GlobalSection(SolutionProperties) = preSolution
		HideSolutionNode = FALSE
	EndGlobalSection
	GlobalSection(ExtensibilityGlobals) = postSolution
		SolutionGuid = {1000AD30-901D-43F2-A719-358A0E8E013C}
	EndGlobalSection
EndGlobal
