
Microsoft Visual Studio Solution File, Format Version 12.00
# Visual Studio Version 17
VisualStudioVersion = 17.8.34601.278
MinimumVisualStudioVersion = 10.0.40219.1
Project("{FAE04EC0-301F-11D3-BF4B-00C04F79EFBC}") = "Ecommerce.Contracts", "Ecommerce.Contracts\Ecommerce.Contracts.csproj", "{3BDE4FCF-ECDE-4F2E-B33B-25E3C918400D}"
EndProject
Global
	GlobalSection(SolutionConfigurationPlatforms) = preSolution
		Debug|Any CPU = Debug|Any CPU
		Release|Any CPU = Release|Any CPU
	EndGlobalSection
	GlobalSection(ProjectConfigurationPlatforms) = postSolution
		{3BDE4FCF-ECDE-4F2E-B33B-25E3C918400D}.Debug|Any CPU.ActiveCfg = Debug|Any CPU
		{3BDE4FCF-ECDE-4F2E-B33B-25E3C918400D}.Debug|Any CPU.Build.0 = Debug|Any CPU
		{3BDE4FCF-ECDE-4F2E-B33B-25E3C918400D}.Release|Any CPU.ActiveCfg = Release|Any CPU
		{3BDE4FCF-ECDE-4F2E-B33B-25E3C918400D}.Release|Any CPU.Build.0 = Release|Any CPU
	EndGlobalSection
	GlobalSection(SolutionProperties) = preSolution
		HideSolutionNode = FALSE
	EndGlobalSection
	GlobalSection(ExtensibilityGlobals) = postSolution
		SolutionGuid = {C5064BCF-5EF7-4E47-A4B2-14CB1949B773}
	EndGlobalSection
EndGlobal
